
Microsoft Visual Studio Solution File, Format Version 12.00
# Visual Studio Version 16
VisualStudioVersion = 16.0.32002.261
MinimumVisualStudioVersion = 10.0.40219.1
Project("{FAE04EC0-301F-11D3-BF4B-00C04F79EFBC}") = "BingMapsTest", "BingMapsTest\BingMapsTest.csproj", "{C1E07713-7415-4309-86AC-5C0637560E3B}"
EndProject
Global
	GlobalSection(SolutionConfigurationPlatforms) = preSolution
		Debug|Any CPU = Debug|Any CPU
		Release|Any CPU = Release|Any CPU
	EndGlobalSection
	GlobalSection(ProjectConfigurationPlatforms) = postSolution
		{C1E07713-7415-4309-86AC-5C0637560E3B}.Debug|Any CPU.ActiveCfg = Debug|Any CPU
		{C1E07713-7415-4309-86AC-5C0637560E3B}.Debug|Any CPU.Build.0 = Debug|Any CPU
		{C1E07713-7415-4309-86AC-5C0637560E3B}.Release|Any CPU.ActiveCfg = Release|Any CPU
		{C1E07713-7415-4309-86AC-5C0637560E3B}.Release|Any CPU.Build.0 = Release|Any CPU
	EndGlobalSection
	GlobalSection(SolutionProperties) = preSolution
		HideSolutionNode = FALSE
	EndGlobalSection
	GlobalSection(ExtensibilityGlobals) = postSolution
		SolutionGuid = {FF4503E6-F955-4754-A65F-2AF102485DA8}
	EndGlobalSection
EndGlobal
